Microsoft Visual Studio Solution File, Format Version 12.00
# Visual Studio Version 17
VisualStudioVersion = 17.5.2.0
MinimumVisualStudioVersion = 10.0.40219.1
Project("{FAE04EC0-301F-11D3-BF4B-00C04F79EFBC}") = "Elnath", "Elnath.csproj", "{1460C395-42D5-0AA9-22FA-CD1B27D1B0B9}"
EndProject
Global
	GlobalSection(SolutionConfigurationPlatforms) = preSolution
		Debug|Any CPU = Debug|Any CPU
		Release|Any CPU = Release|Any CPU
	EndGlobalSection
	GlobalSection(ProjectConfigurationPlatforms) = postSolution
		{1460C395-42D5-0AA9-22FA-CD1B27D1B0B9}.Debug|Any CPU.ActiveCfg = Debug|Any CPU
		{1460C395-42D5-0AA9-22FA-CD1B27D1B0B9}.Debug|Any CPU.Build.0 = Debug|Any CPU
		{1460C395-42D5-0AA9-22FA-CD1B27D1B0B9}.Release|Any CPU.ActiveCfg = Release|Any CPU
		{1460C395-42D5-0AA9-22FA-CD1B27D1B0B9}.Release|Any CPU.Build.0 = Release|Any CPU
	EndGlobalSection
	GlobalSection(SolutionProperties) = preSolution
		HideSolutionNode = FALSE
	EndGlobalSection
	GlobalSection(ExtensibilityGlobals) = postSolution
		SolutionGuid = {E2568DC6-219E-4313-ABEA-34B350C6E7AE}
	EndGlobalSection
EndGlobal
